
Microsoft Visual Studio Solution File, Format Version 12.00
# Visual Studio Version 17
VisualStudioVersion = 17.10.35013.160
MinimumVisualStudioVersion = 10.0.40219.1
Project("{FAE04EC0-301F-11D3-BF4B-00C04F79EFBC}") = "Ticket Price Calculator", "Ticket Price Calculator\Ticket Price Calculator.csproj", "{2B501691-FEB3-494F-80E5-F8A6219927EE}"
EndProject
Global
	GlobalSection(SolutionConfigurationPlatforms) = preSolution
		Debug|Any CPU = Debug|Any CPU
		Release|Any CPU = Release|Any CPU
	EndGlobalSection
	GlobalSection(ProjectConfigurationPlatforms) = postSolution
		{2B501691-FEB3-494F-80E5-F8A6219927EE}.Debug|Any CPU.ActiveCfg = Debug|Any CPU
		{2B501691-FEB3-494F-80E5-F8A6219927EE}.Debug|Any CPU.Build.0 = Debug|Any CPU
		{2B501691-FEB3-494F-80E5-F8A6219927EE}.Release|Any CPU.ActiveCfg = Release|Any CPU
		{2B501691-FEB3-494F-80E5-F8A6219927EE}.Release|Any CPU.Build.0 = Release|Any CPU
	EndGlobalSection
	GlobalSection(SolutionProperties) = preSolution
		HideSolutionNode = FALSE
	EndGlobalSection
	GlobalSection(ExtensibilityGlobals) = postSolution
		SolutionGuid = {9956344E-35F8-48BE-A9E9-2D4BBA151C2B}
	EndGlobalSection
EndGlobal
